
Microsoft Visual Studio Solution File, Format Version 12.00
# Visual Studio Version 17
VisualStudioVersion = 17.4.33122.133
MinimumVisualStudioVersion = 10.0.40219.1
Project("{2150E333-8FDC-42A3-9474-1A3956D46DE8}") = "ApiGateway", "ApiGateway", "{2EB04F60-0726-44DF-B2CF-B02A5135813B}"
EndProject
Project("{2150E333-8FDC-42A3-9474-1A3956D46DE8}") = "MicroServices", "MicroServices", "{B5B4A230-120A-42D9-9317-3181E10955E0}"
EndProject
Project("{2150E333-8FDC-42A3-9474-1A3956D46DE8}") = "UI", "UI", "{1E87FC3C-0C98-4137-9635-B932337CA5E0}"
EndProject
Project("{9A19103F-16F7-4668-BE54-9A1E7A4F7556}") = "CERAXLAN.OKR.ApiGateway", "CERAXLAN.OKR.ApiGateway\CERAXLAN.OKR.ApiGateway.csproj", "{BC74451E-9069-4719-B003-EEB7E9B06C26}"
EndProject
Project("{9A19103F-16F7-4668-BE54-9A1E7A4F7556}") = "CERAXLAN.OKR.ProductApi", "CERAXLAN.OKR.ProductApi\CERAXLAN.OKR.ProductApi.csproj", "{91E05D2D-1927-46AC-B4BA-5A379291E04C}"
EndProject
Project("{9A19103F-16F7-4668-BE54-9A1E7A4F7556}") = "CERAXLAN.OKR.BlazorWebUI", "CERAXLAN.OKR.BlazorWebUI\CERAXLAN.OKR.BlazorWebUI.csproj", "{C901D547-5C22-493F-B298-1FA2C34ED693}"
EndProject
Project("{E53339B2-1760-4266-BCC7-CA923CBCF16C}") = "docker-compose", "docker-compose.dcproj", "{0775FC6C-6DF0-4D13-B36D-EB6922B66795}"
EndProject
Project("{2150E333-8FDC-42A3-9474-1A3956D46DE8}") = "CorePackages", "CorePackages", "{9D050B79-DD04-42FB-9BD1-500E6D307B1A}"
EndProject
Project("{9A19103F-16F7-4668-BE54-9A1E7A4F7556}") = "CERAXLAN.Core.Application", "CorePackages\CERAXLAN.Core.Application\CERAXLAN.Core.Application.csproj", "{7DE96967-0B07-4540-998B-C811AB06BB26}"
EndProject
Project("{9A19103F-16F7-4668-BE54-9A1E7A4F7556}") = "CERAXLAN.Core.CrossCuttingConcerns", "CorePackages\CERAXLAN.Core.CrossCuttingConcerns\CERAXLAN.Core.CrossCuttingConcerns.csproj", "{D7E483F6-77C9-4000-BC63-E62A3B7D4BB1}"
EndProject
Project("{9A19103F-16F7-4668-BE54-9A1E7A4F7556}") = "CERAXLAN.Core.Persistence", "CorePackages\CERAXLAN.Core.Persistence\CERAXLAN.Core.Persistence.csproj", "{C924787E-E6F9-497D-8BD8-143E645DAF66}"
EndProject
Project("{9A19103F-16F7-4668-BE54-9A1E7A4F7556}") = "CERAXLAN.Core.Security", "CorePackages\CERAXLAN.Core.Security\CERAXLAN.Core.Security.csproj", "{84F1B036-BDAA-41B7-BDCB-FF3663711E2E}"
EndProject
Global
	GlobalSection(SolutionConfigurationPlatforms) = preSolution
		Debug|Any CPU = Debug|Any CPU
		Release|Any CPU = Release|Any CPU
	EndGlobalSection
	GlobalSection(ProjectConfigurationPlatforms) = postSolution
		{BC74451E-9069-4719-B003-EEB7E9B06C26}.Debug|Any CPU.ActiveCfg = Debug|Any CPU
		{BC74451E-9069-4719-B003-EEB7E9B06C26}.Debug|Any CPU.Build.0 = Debug|Any CPU
		{BC74451E-9069-4719-B003-EEB7E9B06C26}.Release|Any CPU.ActiveCfg = Release|Any CPU
		{BC74451E-9069-4719-B003-EEB7E9B06C26}.Release|Any CPU.Build.0 = Release|Any CPU
		{91E05D2D-1927-46AC-B4BA-5A379291E04C}.Debug|Any CPU.ActiveCfg = Debug|Any CPU
		{91E05D2D-1927-46AC-B4BA-5A379291E04C}.Debug|Any CPU.Build.0 = Debug|Any CPU
		{91E05D2D-1927-46AC-B4BA-5A379291E04C}.Release|Any CPU.ActiveCfg = Release|Any CPU
		{91E05D2D-1927-46AC-B4BA-5A379291E04C}.Release|Any CPU.Build.0 = Release|Any CPU
		{C901D547-5C22-493F-B298-1FA2C34ED693}.Debug|Any CPU.ActiveCfg = Debug|Any CPU
		{C901D547-5C22-493F-B298-1FA2C34ED693}.Debug|Any CPU.Build.0 = Debug|Any CPU
		{C901D547-5C22-493F-B298-1FA2C34ED693}.Release|Any CPU.ActiveCfg = Release|Any CPU
		{C901D547-5C22-493F-B298-1FA2C34ED693}.Release|Any CPU.Build.0 = Release|Any CPU
		{0775FC6C-6DF0-4D13-B36D-EB6922B66795}.Debug|Any CPU.ActiveCfg = Debug|Any CPU
		{0775FC6C-6DF0-4D13-B36D-EB6922B66795}.Debug|Any CPU.Build.0 = Debug|Any CPU
		{0775FC6C-6DF0-4D13-B36D-EB6922B66795}.Release|Any CPU.ActiveCfg = Release|Any CPU
		{0775FC6C-6DF0-4D13-B36D-EB6922B66795}.Release|Any CPU.Build.0 = Release|Any CPU
		{7DE96967-0B07-4540-998B-C811AB06BB26}.Debug|Any CPU.ActiveCfg = Debug|Any CPU
		{7DE96967-0B07-4540-998B-C811AB06BB26}.Debug|Any CPU.Build.0 = Debug|Any CPU
		{7DE96967-0B07-4540-998B-C811AB06BB26}.Release|Any CPU.ActiveCfg = Release|Any CPU
		{7DE96967-0B07-4540-998B-C811AB06BB26}.Release|Any CPU.Build.0 = Release|Any CPU
		{D7E483F6-77C9-4000-BC63-E62A3B7D4BB1}.Debug|Any CPU.ActiveCfg = Debug|Any CPU
		{D7E483F6-77C9-4000-BC63-E62A3B7D4BB1}.Debug|Any CPU.Build.0 = Debug|Any CPU
		{D7E483F6-77C9-4000-BC63-E62A3B7D4BB1}.Release|Any CPU.ActiveCfg = Release|Any CPU
		{D7E483F6-77C9-4000-BC63-E62A3B7D4BB1}.Release|Any CPU.Build.0 = Release|Any CPU
		{C924787E-E6F9-497D-8BD8-143E645DAF66}.Debug|Any CPU.ActiveCfg = Debug|Any CPU
		{C924787E-E6F9-497D-8BD8-143E645DAF66}.Debug|Any CPU.Build.0 = Debug|Any CPU
		{C924787E-E6F9-497D-8BD8-143E645DAF66}.Release|Any CPU.ActiveCfg = Release|Any CPU
		{C924787E-E6F9-497D-8BD8-143E645DAF66}.Release|Any CPU.Build.0 = Release|Any CPU
		{84F1B036-BDAA-41B7-BDCB-FF3663711E2E}.Debug|Any CPU.ActiveCfg = Debug|Any CPU
		{84F1B036-BDAA-41B7-BDCB-FF3663711E2E}.Debug|Any CPU.Build.0 = Debug|Any CPU
		{84F1B036-BDAA-41B7-BDCB-FF3663711E2E}.Release|Any CPU.ActiveCfg = Release|Any CPU
		{84F1B036-BDAA-41B7-BDCB-FF3663711E2E}.Release|Any CPU.Build.0 = Release|Any CPU
	EndGlobalSection
	GlobalSection(SolutionProperties) = preSolution
		HideSolutionNode = FALSE
	EndGlobalSection
	GlobalSection(NestedProjects) = preSolution
		{BC74451E-9069-4719-B003-EEB7E9B06C26} = {2EB04F60-0726-44DF-B2CF-B02A5135813B}
		{91E05D2D-1927-46AC-B4BA-5A379291E04C} = {B5B4A230-120A-42D9-9317-3181E10955E0}
		{C901D547-5C22-493F-B298-1FA2C34ED693} = {1E87FC3C-0C98-4137-9635-B932337CA5E0}
		{7DE96967-0B07-4540-998B-C811AB06BB26} = {9D050B79-DD04-42FB-9BD1-500E6D307B1A}
		{D7E483F6-77C9-4000-BC63-E62A3B7D4BB1} = {9D050B79-DD04-42FB-9BD1-500E6D307B1A}
		{C924787E-E6F9-497D-8BD8-143E645DAF66} = {9D050B79-DD04-42FB-9BD1-500E6D307B1A}
		{84F1B036-BDAA-41B7-BDCB-FF3663711E2E} = {9D050B79-DD04-42FB-9BD1-500E6D307B1A}
	EndGlobalSection
	GlobalSection(ExtensibilityGlobals) = postSolution
		SolutionGuid = {30B6A890-DD08-457C-9636-FDBA1CA37B2B}
	EndGlobalSection
EndGlobal
